// !$*UTF8*$!
{
	archiveVersion = 1;
	classes = {
	};
	objectVersion = 46;
	objects = {

/* Begin PBXBuildFile section */
		0513531A1CEEC15500B1DB04 /* DatePickerViewController.swift in Sources */ = {isa = PBXBuildFile; fileRef = 051353191CEEC15500B1DB04 /* DatePickerViewController.swift */; };
		05178F721CE654F700232091 /* AppDelegate.swift in Sources */ = {isa = PBXBuildFile; fileRef = 05178F711CE654F700232091 /* AppDelegate.swift */; };
		05178F741CE654F700232091 /* ViewController.swift in Sources */ = {isa = PBXBuildFile; fileRef = 05178F731CE654F700232091 /* ViewController.swift */; };
		05178F771CE654F700232091 /* Main.storyboard in Resources */ = {isa = PBXBuildFile; fileRef = 05178F751CE654F700232091 /* Main.storyboard */; };
		05178F7A1CE654F700232091 /* FinalProject.xcdatamodeld in Sources */ = {isa = PBXBuildFile; fileRef = 05178F781CE654F700232091 /* FinalProject.xcdatamodeld */; };
		05178F7C1CE654F700232091 /* Assets.xcassets in Resources */ = {isa = PBXBuildFile; fileRef = 05178F7B1CE654F700232091 /* Assets.xcassets */; };
		05178F7F1CE654F700232091 /* LaunchScreen.storyboard in Resources */ = {isa = PBXBuildFile; fileRef = 05178F7D1CE654F700232091 /* LaunchScreen.storyboard */; };
		05178F8D1CE65D3000232091 /* PhotoCollectionViewCell.swift in Sources */ = {isa = PBXBuildFile; fileRef = 05178F8C1CE65D3000232091 /* PhotoCollectionViewCell.swift */; };
		05178F951CE6602500232091 /* PhotoCollectionViewController.swift in Sources */ = {isa = PBXBuildFile; fileRef = 05178F941CE6602500232091 /* PhotoCollectionViewController.swift */; };
		05178F991CE6609E00232091 /* TravelHistoryTableViewController.swift in Sources */ = {isa = PBXBuildFile; fileRef = 05178F981CE6609E00232091 /* TravelHistoryTableViewController.swift */; };
		05178F9B1CE660AB00232091 /* TravelHistoryTableViewCell.swift in Sources */ = {isa = PBXBuildFile; fileRef = 05178F9A1CE660AB00232091 /* TravelHistoryTableViewCell.swift */; };
		05F9BC601CFD602B00C3C457 /* BrowseMapViewController.swift in Sources */ = {isa = PBXBuildFile; fileRef = 05F9BC5F1CFD602B00C3C457 /* BrowseMapViewController.swift */; };
		05F9BC641CFD694400C3C457 /* SearchForLocationTableViewController.swift in Sources */ = {isa = PBXBuildFile; fileRef = 05F9BC631CFD694400C3C457 /* SearchForLocationTableViewController.swift */; };
		306411901CF27C6100057D7C /* StateData.swift in Sources */ = {isa = PBXBuildFile; fileRef = 3064118F1CF27C6100057D7C /* StateData.swift */; };
		306411921CF27C9300057D7C /* StatesTableViewController.swift in Sources */ = {isa = PBXBuildFile; fileRef = 306411911CF27C9300057D7C /* StatesTableViewController.swift */; };
		306411991CF27D6A00057D7C /* State+CoreDataProperties.swift in Sources */ = {isa = PBXBuildFile; fileRef = 306411931CF27D6A00057D7C /* State+CoreDataProperties.swift */; };
		3064119A1CF27D6A00057D7C /* State.swift in Sources */ = {isa = PBXBuildFile; fileRef = 306411941CF27D6A00057D7C /* State.swift */; };
		3064119B1CF27D6A00057D7C /* City+CoreDataProperties.swift in Sources */ = {isa = PBXBuildFile; fileRef = 306411951CF27D6A00057D7C /* City+CoreDataProperties.swift */; };
		3064119C1CF27D6A00057D7C /* City.swift in Sources */ = {isa = PBXBuildFile; fileRef = 306411961CF27D6A00057D7C /* City.swift */; };
		3064119D1CF27D6A00057D7C /* Trip+CoreDataProperties.swift in Sources */ = {isa = PBXBuildFile; fileRef = 306411971CF27D6A00057D7C /* Trip+CoreDataProperties.swift */; };
		3064119E1CF27D6A00057D7C /* Trip.swift in Sources */ = {isa = PBXBuildFile; fileRef = 306411981CF27D6A00057D7C /* Trip.swift */; };
		306411A01CF2899100057D7C /* NewTripViewController.swift in Sources */ = {isa = PBXBuildFile; fileRef = 3064119F1CF2899100057D7C /* NewTripViewController.swift */; };
		306411A41CF3BD6E00057D7C /* CoreDataTableViewController.swift in Sources */ = {isa = PBXBuildFile; fileRef = 306411A31CF3BD6E00057D7C /* CoreDataTableViewController.swift */; };
		306411A81CF3F18E00057D7C /* DoodleViewController.swift in Sources */ = {isa = PBXBuildFile; fileRef = 306411A71CF3F18E00057D7C /* DoodleViewController.swift */; };
		306411AA1CF3F1BD00057D7C /* DoodleView.swift in Sources */ = {isa = PBXBuildFile; fileRef = 306411A91CF3F1BD00057D7C /* DoodleView.swift */; };
		30BBCD611CF6C413009E3AD9 /* StateMapViewController.swift in Sources */ = {isa = PBXBuildFile; fileRef = 30BBCD601CF6C413009E3AD9 /* StateMapViewController.swift */; };
/* End PBXBuildFile section */

/* Begin PBXFileReference section */
		051353191CEEC15500B1DB04 /* DatePickerViewController.swift */ = {isa = PBXFileReference; fileEncoding = 4; lastKnownFileType = sourcecode.swift; path = DatePickerViewController.swift; sourceTree = "<group>"; };
		05178F6E1CE654F700232091 /* FinalProject.app */ = {isa = PBXFileReference; explicitFileType = wrapper.application; includeInIndex = 0; path = FinalProject.app; sourceTree = BUILT_PRODUCTS_DIR; };
		05178F711CE654F700232091 /* AppDelegate.swift */ = {isa = PBXFileReference; lastKnownFileType = sourcecode.swift; path = AppDelegate.swift; sourceTree = "<group>"; };
		05178F731CE654F700232091 /* ViewController.swift */ = {isa = PBXFileReference; lastKnownFileType = sourcecode.swift; path = ViewController.swift; sourceTree = "<group>"; };
		05178F761CE654F700232091 /* Base */ = {isa = PBXFileReference; lastKnownFileType = file.storyboard; name = Base; path = Base.lproj/Main.storyboard; sourceTree = "<group>"; };
		05178F791CE654F700232091 /* FinalProject.xcdatamodel */ = {isa = PBXFileReference; lastKnownFileType = wrapper.xcdatamodel; path = FinalProject.xcdatamodel; sourceTree = "<group>"; };
		05178F7B1CE654F700232091 /* Assets.xcassets */ = {isa = PBXFileReference; lastKnownFileType = folder.assetcatalog; path = Assets.xcassets; sourceTree = "<group>"; };
		05178F7E1CE654F700232091 /* Base */ = {isa = PBXFileReference; lastKnownFileType = file.storyboard; name = Base; path = Base.lproj/LaunchScreen.storyboard; sourceTree = "<group>"; };
		05178F801CE654F700232091 /* Info.plist */ = {isa = PBXFileReference; lastKnownFileType = text.plist.xml; path = Info.plist; sourceTree = "<group>"; };
		05178F8C1CE65D3000232091 /* PhotoCollectionViewCell.swift */ = {isa = PBXFileReference; fileEncoding = 4; lastKnownFileType = sourcecode.swift; path = PhotoCollectionViewCell.swift; sourceTree = "<group>"; };
		05178F941CE6602500232091 /* PhotoCollectionViewController.swift */ = {isa = PBXFileReference; fileEncoding = 4; lastKnownFileType = sourcecode.swift; path = PhotoCollectionViewController.swift; sourceTree = "<group>"; };
		05178F981CE6609E00232091 /* TravelHistoryTableViewController.swift */ = {isa = PBXFileReference; fileEncoding = 4; lastKnownFileType = sourcecode.swift; path = TravelHistoryTableViewController.swift; sourceTree = "<group>"; };
		05178F9A1CE660AB00232091 /* TravelHistoryTableViewCell.swift */ = {isa = PBXFileReference; fileEncoding = 4; lastKnownFileType = sourcecode.swift; path = TravelHistoryTableViewCell.swift; sourceTree = "<group>"; };
		05F9BC5F1CFD602B00C3C457 /* BrowseMapViewController.swift */ = {isa = PBXFileReference; fileEncoding = 4; lastKnownFileType = sourcecode.swift; path = BrowseMapViewController.swift; sourceTree = "<group>"; };
		05F9BC631CFD694400C3C457 /* SearchForLocationTableViewController.swift */ = {isa = PBXFileReference; fileEncoding = 4; lastKnownFileType = sourcecode.swift; path = SearchForLocationTableViewController.swift; sourceTree = "<group>"; };
		3064118F1CF27C6100057D7C /* StateData.swift */ = {isa = PBXFileReference; fileEncoding = 4; lastKnownFileType = sourcecode.swift; path = StateData.swift; sourceTree = "<group>"; };
		306411911CF27C9300057D7C /* StatesTableViewController.swift */ = {isa = PBXFileReference; fileEncoding = 4; lastKnownFileType = sourcecode.swift; path = StatesTableViewController.swift; sourceTree = "<group>"; };
		306411931CF27D6A00057D7C /* State+CoreDataProperties.swift */ = {isa = PBXFileReference; fileEncoding = 4; lastKnownFileType = sourcecode.swift; path = "State+CoreDataProperties.swift"; sourceTree = "<group>"; };
		306411941CF27D6A00057D7C /* State.swift */ = {isa = PBXFileReference; fileEncoding = 4; lastKnownFileType = sourcecode.swift; path = State.swift; sourceTree = "<group>"; };
		306411951CF27D6A00057D7C /* City+CoreDataProperties.swift */ = {isa = PBXFileReference; fileEncoding = 4; lastKnownFileType = sourcecode.swift; path = "City+CoreDataProperties.swift"; sourceTree = "<group>"; };
		306411961CF27D6A00057D7C /* City.swift */ = {isa = PBXFileReference; fileEncoding = 4; lastKnownFileType = sourcecode.swift; path = City.swift; sourceTree = "<group>"; };
		306411971CF27D6A00057D7C /* Trip+CoreDataProperties.swift */ = {isa = PBXFileReference; fileEncoding = 4; lastKnownFileType = sourcecode.swift; path = "Trip+CoreDataProperties.swift"; sourceTree = "<group>"; };
		306411981CF27D6A00057D7C /* Trip.swift */ = {isa = PBXFileReference; fileEncoding = 4; lastKnownFileType = sourcecode.swift; path = Trip.swift; sourceTree = "<group>"; };
		3064119F1CF2899100057D7C /* NewTripViewController.swift */ = {isa = PBXFileReference; fileEncoding = 4; lastKnownFileType = sourcecode.swift; path = NewTripViewController.swift; sourceTree = "<group>"; };
		306411A31CF3BD6E00057D7C /* CoreDataTableViewController.swift */ = {isa = PBXFileReference; fileEncoding = 4; lastKnownFileType = sourcecode.swift; path = CoreDataTableViewController.swift; sourceTree = "<group>"; };
		306411A71CF3F18E00057D7C /* DoodleViewController.swift */ = {isa = PBXFileReference; fileEncoding = 4; lastKnownFileType = sourcecode.swift; path = DoodleViewController.swift; sourceTree = "<group>"; };
		306411A91CF3F1BD00057D7C /* DoodleView.swift */ = {isa = PBXFileReference; fileEncoding = 4; lastKnownFileType = sourcecode.swift; path = DoodleView.swift; sourceTree = "<group>"; };
		30BBCD601CF6C413009E3AD9 /* StateMapViewController.swift */ = {isa = PBXFileReference; fileEncoding = 4; lastKnownFileType = sourcecode.swift; path = StateMapViewController.swift; sourceTree = "<group>"; };
/* End PBXFileReference section */

/* Begin PBXFrameworksBuildPhase section */
		05178F6B1CE654F700232091 /* Frameworks */ = {
			isa = PBXFrameworksBuildPhase;
			buildActionMask = 2147483647;
			files = (
			);
			runOnlyForDeploymentPostprocessing = 0;
		};
/* End PBXFrameworksBuildPhase section */

/* Begin PBXGroup section */
		05178F651CE654F700232091 = {
			isa = PBXGroup;
			children = (
				05178F701CE654F700232091 /* FinalProject */,
				05178F6F1CE654F700232091 /* Products */,
			);
			sourceTree = "<group>";
		};
		05178F6F1CE654F700232091 /* Products */ = {
			isa = PBXGroup;
			children = (
				05178F6E1CE654F700232091 /* FinalProject.app */,
			);
			name = Products;
			sourceTree = "<group>";
		};
		05178F701CE654F700232091 /* FinalProject */ = {
			isa = PBXGroup;
			children = (
				05178F751CE654F700232091 /* Main.storyboard */,
				05E4843F1CEBFD0600EBF4F8 /* Travel */,
				05E484401CEBFD1000EBF4F8 /* Photos */,
				05F9BC5E1CFD54A400C3C457 /* Doodle */,
				05E484411CEBFD1F00EBF4F8 /* Map */,
				05178F861CE6550700232091 /* SupportingFiles */,
				05178F871CE6551100232091 /* CoreData */,
			);
			path = FinalProject;
			sourceTree = "<group>";
		};
		05178F861CE6550700232091 /* SupportingFiles */ = {
			isa = PBXGroup;
			children = (
				05178F731CE654F700232091 /* ViewController.swift */,
				05178F711CE654F700232091 /* AppDelegate.swift */,
				05178F7B1CE654F700232091 /* Assets.xcassets */,
				05178F7D1CE654F700232091 /* LaunchScreen.storyboard */,
				05178F801CE654F700232091 /* Info.plist */,
			);
			name = SupportingFiles;
			sourceTree = "<group>";
		};
		05178F871CE6551100232091 /* CoreData */ = {
			isa = PBXGroup;
			children = (
				306411A31CF3BD6E00057D7C /* CoreDataTableViewController.swift */,
				306411931CF27D6A00057D7C /* State+CoreDataProperties.swift */,
				306411941CF27D6A00057D7C /* State.swift */,
				306411951CF27D6A00057D7C /* City+CoreDataProperties.swift */,
				306411961CF27D6A00057D7C /* City.swift */,
				306411971CF27D6A00057D7C /* Trip+CoreDataProperties.swift */,
				306411981CF27D6A00057D7C /* Trip.swift */,
				05178F781CE654F700232091 /* FinalProject.xcdatamodeld */,
				3064118F1CF27C6100057D7C /* StateData.swift */,
			);
			name = CoreData;
			sourceTree = "<group>";
		};
		05E4843F1CEBFD0600EBF4F8 /* Travel */ = {
			isa = PBXGroup;
			children = (
				051353191CEEC15500B1DB04 /* DatePickerViewController.swift */,
				3064119F1CF2899100057D7C /* NewTripViewController.swift */,
				05178F981CE6609E00232091 /* TravelHistoryTableViewController.swift */,
				05178F9A1CE660AB00232091 /* TravelHistoryTableViewCell.swift */,
			);
			name = Travel;
			sourceTree = "<group>";
		};
		05E484401CEBFD1000EBF4F8 /* Photos */ = {
			isa = PBXGroup;
			children = (
				05178F941CE6602500232091 /* PhotoCollectionViewController.swift */,
				05178F8C1CE65D3000232091 /* PhotoCollectionViewCell.swift */,
			);
			name = Photos;
			sourceTree = "<group>";
		};
		05E484411CEBFD1F00EBF4F8 /* Map */ = {
			isa = PBXGroup;
			children = (
				05F9BC631CFD694400C3C457 /* SearchForLocationTableViewController.swift */,
				05F9BC5F1CFD602B00C3C457 /* BrowseMapViewController.swift */,
				30BBCD601CF6C413009E3AD9 /* StateMapViewController.swift */,
				306411911CF27C9300057D7C /* StatesTableViewController.swift */,
			);
			name = Map;
			sourceTree = "<group>";
		};
		05F9BC5E1CFD54A400C3C457 /* Doodle */ = {
			isa = PBXGroup;
			children = (
				306411A71CF3F18E00057D7C /* DoodleViewController.swift */,
				306411A91CF3F1BD00057D7C /* DoodleView.swift */,
			);
			name = Doodle;
			sourceTree = "<group>";
		};
/* End PBXGroup section */

/* Begin PBXNativeTarget section */
		05178F6D1CE654F700232091 /* FinalProject */ = {
			isa = PBXNativeTarget;
			buildConfigurationList = 05178F831CE654F700232091 /* Build configuration list for PBXNativeTarget "FinalProject" */;
			buildPhases = (
				05178F6A1CE654F700232091 /* Sources */,
				05178F6B1CE654F700232091 /* Frameworks */,
				05178F6C1CE654F700232091 /* Resources */,
			);
			buildRules = (
			);
			dependencies = (
			);
			name = FinalProject;
			productName = FinalProject;
			productReference = 05178F6E1CE654F700232091 /* FinalProject.app */;
			productType = "com.apple.product-type.application";
		};
/* End PBXNativeTarget section */

/* Begin PBXProject section */
		05178F661CE654F700232091 /* Project object */ = {
			isa = PBXProject;
			attributes = {
				LastSwiftUpdateCheck = 0730;
				LastUpgradeCheck = 0730;
				ORGANIZATIONNAME = "Sarah Radzihovsky";
				TargetAttributes = {
					05178F6D1CE654F700232091 = {
						CreatedOnToolsVersion = 7.3;
						DevelopmentTeam = 95LD5ZDBKF;
					};
				};
			};
			buildConfigurationList = 05178F691CE654F700232091 /* Build configuration list for PBXProject "FinalProject" */;
			compatibilityVersion = "Xcode 3.2";
			developmentRegion = English;
			hasScannedForEncodings = 0;
			knownRegions = (
				en,
				Base,
			);
			mainGroup = 05178F651CE654F700232091;
			productRefGroup = 05178F6F1CE654F700232091 /* Products */;
			projectDirPath = "";
			projectRoot = "";
			targets = (
				05178F6D1CE654F700232091 /* FinalProject */,
			);
		};
/* End PBXProject section */

/* Begin PBXResourcesBuildPhase section */
		05178F6C1CE654F700232091 /* Resources */ = {
			isa = PBXResourcesBuildPhase;
			buildActionMask = 2147483647;
			files = (
				05178F7F1CE654F700232091 /* LaunchScreen.storyboard in Resources */,
				05178F7C1CE654F700232091 /* Assets.xcassets in Resources */,
				05178F771CE654F700232091 /* Main.storyboard in Resources */,
			);
			runOnlyForDeploymentPostprocessing = 0;
		};
/* End PBXResourcesBuildPhase section */

/* Begin PBXSourcesBuildPhase section */
		05178F6A1CE654F700232091 /* Sources */ = {
			isa = PBXSourcesBuildPhase;
			buildActionMask = 2147483647;
			files = (
				05178F991CE6609E00232091 /* TravelHistoryTableViewController.swift in Sources */,
				05F9BC601CFD602B00C3C457 /* BrowseMapViewController.swift in Sources */,
				306411A01CF2899100057D7C /* NewTripViewController.swift in Sources */,
				306411921CF27C9300057D7C /* StatesTableViewController.swift in Sources */,
				306411991CF27D6A00057D7C /* State+CoreDataProperties.swift in Sources */,
				05178F9B1CE660AB00232091 /* TravelHistoryTableViewCell.swift in Sources */,
				30BBCD611CF6C413009E3AD9 /* StateMapViewController.swift in Sources */,
				05178F951CE6602500232091 /* PhotoCollectionViewController.swift in Sources */,
				306411A41CF3BD6E00057D7C /* CoreDataTableViewController.swift in Sources */,
				3064119B1CF27D6A00057D7C /* City+CoreDataProperties.swift in Sources */,
				05178F741CE654F700232091 /* ViewController.swift in Sources */,
				05F9BC641CFD694400C3C457 /* SearchForLocationTableViewController.swift in Sources */,
				306411AA1CF3F1BD00057D7C /* DoodleView.swift in Sources */,
				3064119E1CF27D6A00057D7C /* Trip.swift in Sources */,
				306411901CF27C6100057D7C /* StateData.swift in Sources */,
				05178F721CE654F700232091 /* AppDelegate.swift in Sources */,
				3064119A1CF27D6A00057D7C /* State.swift in Sources */,
				0513531A1CEEC15500B1DB04 /* DatePickerViewController.swift in Sources */,
				05178F7A1CE654F700232091 /* FinalProject.xcdatamodeld in Sources */,
				3064119C1CF27D6A00057D7C /* City.swift in Sources */,
				306411A81CF3F18E00057D7C /* DoodleViewController.swift in Sources */,
				3064119D1CF27D6A00057D7C /* Trip+CoreDataProperties.swift in Sources */,
				05178F8D1CE65D3000232091 /* PhotoCollectionViewCell.swift in Sources */,
			);
			runOnlyForDeploymentPostprocessing = 0;
		};
/* End PBXSourcesBuildPhase section */

/* Begin PBXVariantGroup section */
		05178F751CE654F700232091 /* Main.storyboard */ = {
			isa = PBXVariantGroup;
			children = (
				05178F761CE654F700232091 /* Base */,
			);
			name = Main.storyboard;
			sourceTree = "<group>";
		};
		05178F7D1CE654F700232091 /* LaunchScreen.storyboard */ = {
			isa = PBXVariantGroup;
			children = (
				05178F7E1CE654F700232091 /* Base */,
			);
			name = LaunchScreen.storyboard;
			sourceTree = "<group>";
		};
/* End PBXVariantGroup section */

/* Begin XCBuildConfiguration section */
		05178F811CE654F700232091 /* Debug */ = {
			isa = XCBuildConfiguration;
			buildSettings = {
				ALWAYS_SEARCH_USER_PATHS = NO;
				CLANG_ANALYZER_NONNULL = YES;
				CLANG_CXX_LANGUAGE_STANDARD = "gnu++0x";
				CLANG_CXX_LIBRARY = "libc++";
				CLANG_ENABLE_MODULES = YES;
				CLANG_ENABLE_OBJC_ARC = YES;
				CLANG_WARN_BOOL_CONVERSION = YES;
				CLANG_WARN_CONSTANT_CONVERSION = YES;
				CLANG_WARN_DIRECT_OBJC_ISA_USAGE = YES_ERROR;
				CLANG_WARN_EMPTY_BODY = YES;
				CLANG_WARN_ENUM_CONVERSION = YES;
				CLANG_WARN_INT_CONVERSION = YES;
				CLANG_WARN_OBJC_ROOT_CLASS = YES_ERROR;
				CLANG_WARN_UNREACHABLE_CODE = YES;
				CLANG_WARN__DUPLICATE_METHOD_MATCH = YES;
				"CODE_SIGN_IDENTITY[sdk=iphoneos*]" = "iPhone Developer";
				COPY_PHASE_STRIP = NO;
				DEBUG_INFORMATION_FORMAT = dwarf;
				ENABLE_STRICT_OBJC_MSGSEND = YES;
				ENABLE_TESTABILITY = YES;
				GCC_C_LANGUAGE_STANDARD = gnu99;
				GCC_DYNAMIC_NO_PIC = NO;
				GCC_NO_COMMON_BLOCKS = YES;
				GCC_OPTIMIZATION_LEVEL = 0;
				GCC_PREPROCESSOR_DEFINITIONS = (
					"DEBUG=1",
					"$(inherited)",
				);
				GCC_WARN_64_TO_32_BIT_CONVERSION = YES;
				GCC_WARN_ABOUT_RETURN_TYPE = YES_ERROR;
				GCC_WARN_UNDECLARED_SELECTOR = YES;
				GCC_WARN_UNINITIALIZED_AUTOS = YES_AGGRESSIVE;
				GCC_WARN_UNUSED_FUNCTION = YES;
				GCC_WARN_UNUSED_VARIABLE = YES;
				IPHONEOS_DEPLOYMENT_TARGET = 9.3;
				MTL_ENABLE_DEBUG_INFO = YES;
				ONLY_ACTIVE_ARCH = YES;
				SDKROOT = iphoneos;
				SWIFT_OPTIMIZATION_LEVEL = "-Onone";
				TARGETED_DEVICE_FAMILY = "1,2";
			};
			name = Debug;
		};
		05178F821CE654F700232091 /* Release */ = {
			isa = XCBuildConfiguration;
			buildSettings = {
				ALWAYS_SEARCH_USER_PATHS = NO;
				CLANG_ANALYZER_NONNULL = YES;
				CLANG_CXX_LANGUAGE_STANDARD = "gnu++0x";
				CLANG_CXX_LIBRARY = "libc++";
				CLANG_ENABLE_MODULES = YES;
				CLANG_ENABLE_OBJC_ARC = YES;
				CLANG_WARN_BOOL_CONVERSION = YES;
				CLANG_WARN_CONSTANT_CONVERSION = YES;
				CLANG_WARN_DIRECT_OBJC_ISA_USAGE = YES_ERROR;
				CLANG_WARN_EMPTY_BODY = YES;
				CLANG_WARN_ENUM_CONVERSION = YES;
				CLANG_WARN_INT_CONVERSION = YES;
				CLANG_WARN_OBJC_ROOT_CLASS = YES_ERROR;
				CLANG_WARN_UNREACHABLE_CODE = YES;
				CLANG_WARN__DUPLICATE_METHOD_MATCH = YES;
				"CODE_SIGN_IDENTITY[sdk=iphoneos*]" = "iPhone Developer";
				COPY_PHASE_STRIP = NO;
				DEBUG_INFORMATION_FORMAT = "dwarf-with-dsym";
				ENABLE_NS_ASSERTIONS = NO;
				ENABLE_STRICT_OBJC_MSGSEND = YES;
				GCC_C_LANGUAGE_STANDARD = gnu99;
				GCC_NO_COMMON_BLOCKS = YES;
				GCC_WARN_64_TO_32_BIT_CONVERSION = YES;
				GCC_WARN_ABOUT_RETURN_TYPE = YES_ERROR;
				GCC_WARN_UNDECLARED_SELECTOR = YES;
				GCC_WARN_UNINITIALIZED_AUTOS = YES_AGGRESSIVE;
				GCC_WARN_UNUSED_FUNCTION = YES;
				GCC_WARN_UNUSED_VARIABLE = YES;
				IPHONEOS_DEPLOYMENT_TARGET = 9.3;
				MTL_ENABLE_DEBUG_INFO = NO;
				SDKROOT = iphoneos;
				TARGETED_DEVICE_FAMILY = "1,2";
				VALIDATE_PRODUCT = YES;
			};
			name = Release;
		};
		05178F841CE654F700232091 /* Debug */ = {
			isa = XCBuildConfiguration;
			buildSettings = {
				ASSETCATALOG_COMPILER_APPICON_NAME = AppIcon;
				INFOPLIST_FILE = FinalProject/Info.plist;
				LD_RUNPATH_SEARCH_PATHS = "$(inherited) @executable_path/Frameworks";
				PRODUCT_BUNDLE_IDENTIFIER = edu.stanford.cs193p.sradzi13.FinalProject;
				PRODUCT_NAME = "$(TARGET_NAME)";
			};
			name = Debug;
		};
		05178F851CE654F700232091 /* Release */ = {
			isa = XCBuildConfiguration;
			buildSettings = {
				ASSETCATALOG_COMPILER_APPICON_NAME = AppIcon;
				INFOPLIST_FILE = FinalProject/Info.plist;
				LD_RUNPATH_SEARCH_PATHS = "$(inherited) @executable_path/Frameworks";
				PRODUCT_BUNDLE_IDENTIFIER = edu.stanford.cs193p.sradzi13.FinalProject;
				PRODUCT_NAME = "$(TARGET_NAME)";
			};
			name = Release;
		};
/* End XCBuildConfiguration section */

/* Begin XCConfigurationList section */
		05178F691CE654F700232091 /* Build configuration list for PBXProject "FinalProject" */ = {
			isa = XCConfigurationList;
			buildConfigurations = (
				05178F811CE654F700232091 /* Debug */,
				05178F821CE654F700232091 /* Release */,
			);
			defaultConfigurationIsVisible = 0;
			defaultConfigurationName = Release;
		};
		05178F831CE654F700232091 /* Build configuration list for PBXNativeTarget "FinalProject" */ = {
			isa = XCConfigurationList;
			buildConfigurations = (
				05178F841CE654F700232091 /* Debug */,
				05178F851CE654F700232091 /* Release */,
			);
			defaultConfigurationIsVisible = 0;
			defaultConfigurationName = Release;
		};
/* End XCConfigurationList section */

/* Begin XCVersionGroup section */
		05178F781CE654F700232091 /* FinalProject.xcdatamodeld */ = {
			isa = XCVersionGroup;
			children = (
				05178F791CE654F700232091 /* FinalProject.xcdatamodel */,
			);
			currentVersion = 05178F791CE654F700232091 /* FinalProject.xcdatamodel */;
			path = FinalProject.xcdatamodeld;
			sourceTree = "<group>";
			versionGroupType = wrapper.xcdatamodel;
		};
/* End XCVersionGroup section */
	};
	rootObject = 05178F661CE654F700232091 /* Project object */;
}
